<?xml version="1.0" encoding="utf-8"?>
<Project ToolsVersion="4.0" xmlns="http://schemas.microsoft.com/developer/msbuild/2003">
  <ItemGroup>
    <Filter Include="Source Files">
      <UniqueIdentifier>{4FC737F1-C7A5-4376-A066-2A32D752A2FF}</UniqueIdentifier>
      <Extensions>qml;cpp;c;cc;cxx;def;odl;idl;hpj;bat;asm;asmx</Extensions>
    </Filter>
    <Filter Include="Header Files">
      <UniqueIdentifier>{93995380-89BD-4b04-88EB-625FBE52EBFB}</UniqueIdentifier>
      <Extensions>h;hh;hpp;hxx;hm;inl;inc;xsd</Extensions>
    </Filter>
    <Filter Include="Resource Files">
      <UniqueIdentifier>{67DA6AB6-F800-4c08-8B7A-83BB121AAD01}</UniqueIdentifier>
      <Extensions>qrc;rc;ico;cur;bmp;dlg;rc2;rct;bin;rgs;gif;jpg;jpeg;jpe;resx;tiff;tif;png;wav;mfcribbon-ms</Extensions>
    </Filter>
    <Filter Include="Form Files">
      <UniqueIdentifier>{99349809-55BA-4b9d-BF79-8FDBB0286EB3}</UniqueIdentifier>
      <Extensions>ui</Extensions>
    </Filter>
    <Filter Include="Translation Files">
      <UniqueIdentifier>{639EADAA-A684-42e4-A9AD-28FC9BCB8F7C}</UniqueIdentifier>
      <Extensions>ts</Extensions>
    </Filter>
  </ItemGroup>
  <ItemGroup>
    <QtRcc Include="QtAntDesign.qrc">
      <Filter>Resource Files</Filter>
    </QtRcc>
    <QtUic Include="QtAntDesign.ui">
      <Filter>Form Files</Filter>
    </QtUic>
    <QtMoc Include="QtAntDesign.h">
      <Filter>Header Files</Filter>
    </QtMoc>
    <ClCompile Include="QtAntDesign.cpp">
      <Filter>Source Files</Filter>
    </ClCompile>
  </ItemGroup>
  <ItemGroup>
    <ClCompile Include="CircularAvatar.cpp">
      <Filter>Source Files</Filter>
    </ClCompile>
    <ClCompile Include="UserInfoBubble.cpp">
      <Filter>Source Files</Filter>
    </ClCompile>
    <ClCompile Include="AntButton.cpp">
      <Filter>Source Files</Filter>
    </ClCompile>
    <ClCompile Include="AntMessage.cpp">
      <Filter>Source Files</Filter>
    </ClCompile>
    <ClCompile Include="AntMessageManager.cpp">
      <Filter>Source Files</Filter>
    </ClCompile>
    <ClCompile Include="Ripple.cpp">
      <Filter>Source Files</Filter>
    </ClCompile>
    <ClCompile Include="AntTooltip.cpp">
      <Filter>Source Files</Filter>
    </ClCompile>
    <ClCompile Include="AntTooltipManager.cpp">
      <Filter>Source Files</Filter>
    </ClCompile>
    <ClCompile Include="MaskWidget.cpp">
      <Filter>Source Files</Filter>
    </ClCompile>
    <ClCompile Include="MaterialDialog.cpp">
      <Filter>Source Files</Filter>
    </ClCompile>
    <ClCompile Include="MaterialLineEdit.cpp">
      <Filter>Source Files</Filter>
    </ClCompile>
    <ClCompile Include="Win11RadioButton.cpp">
      <Filter>Source Files</Filter>
    </ClCompile>
    <ClCompile Include="ErrorTipLabel.cpp">
      <Filter>Source Files</Filter>
    </ClCompile>
    <ClCompile Include="LoginPageWidget.cpp">
      <Filter>Source Files</Filter>
    </ClCompile>
    <ClCompile Include="SlideStackedWidget.cpp">
      <Filter>Source Files</Filter>
    </ClCompile>
    <ClCompile Include="ProfilePage.cpp">
      <Filter>Source Files</Filter>
    </ClCompile>
    <ClCompile Include="DialogViewController.cpp">
      <Filter>Source Files</Filter>
    </ClCompile>
    <ClCompile Include="BubbleViewController.cpp">
      <Filter>Source Files</Filter>
    </ClCompile>
    <ClCompile Include="LogoWidget.cpp">
      <Filter>Source Files</Filter>
    </ClCompile>
    <ClCompile Include="RegisterPageWidget.cpp">
      <Filter>Source Files</Filter>
    </ClCompile>
    <ClCompile Include="HomePage.cpp">
      <Filter>Source Files</Filter>
    </ClCompile>
    <ClCompile Include="SettingsPage.cpp">
      <Filter>Source Files</Filter>
    </ClCompile>
    <ClCompile Include="AboutPage.cpp">
      <Filter>Source Files</Filter>
    </ClCompile>
    <ClCompile Include="CustomToolButton.cpp">
      <Filter>Source Files</Filter>
    </ClCompile>
    <ClCompile Include="MaterialTabWidget.cpp">
      <Filter>Source Files</Filter>
    </ClCompile>
    <ClCompile Include="AntToggleButton.cpp">
      <Filter>Source Files</Filter>
    </ClCompile>
    <ClCompile Include="StandardDialogPage.cpp">
      <Filter>Source Files</Filter>
    </ClCompile>
    <ClCompile Include="MaterialProgressBar.cpp">
      <Filter>Source Files</Filter>
    </ClCompile>
    <ClCompile Include="MaterialSpinner.cpp">
      <Filter>Source Files</Filter>
    </ClCompile>
    <ClCompile Include="main.cpp">
      <Filter>Source Files</Filter>
    </ClCompile>
    <ClCompile Include="AntRadioButton.cpp">
      <Filter>Source Files</Filter>
    </ClCompile>
    <ClCompile Include="AntSlider.cpp">
      <Filter>Source Files</Filter>
    </ClCompile>
    <ClCompile Include="NoDataWidget.cpp">
      <Filter>Source Files</Filter>
    </ClCompile>
    <ClCompile Include="AnimatedNumber.cpp">
      <Filter>Source Files</Filter>
    </ClCompile>
  </ItemGroup>
  <ItemGroup>
    <ClInclude Include="StyleSheet.h">
      <Filter>Header Files</Filter>
    </ClInclude>
  </ItemGroup>
  <ItemGroup>
    <QtMoc Include="CircularAvatar.h">
      <Filter>Header Files</Filter>
    </QtMoc>
    <QtMoc Include="UserInfoBubble.h">
      <Filter>Header Files</Filter>
    </QtMoc>
    <QtMoc Include="AntButton.h">
      <Filter>Header Files</Filter>
    </QtMoc>
    <QtMoc Include="AntMessage.h">
      <Filter>Header Files</Filter>
    </QtMoc>
    <QtMoc Include="AntMessageManager.h">
      <Filter>Header Files</Filter>
    </QtMoc>
    <QtMoc Include="Ripple.h">
      <Filter>Header Files</Filter>
    </QtMoc>
    <QtMoc Include="AntTooltip.h">
      <Filter>Header Files</Filter>
    </QtMoc>
    <QtMoc Include="AntTooltipManager.h">
      <Filter>Header Files</Filter>
    </QtMoc>
    <QtMoc Include="MaskWidget.h">
      <Filter>Header Files</Filter>
    </QtMoc>
    <QtMoc Include="MaterialDialog.h">
      <Filter>Header Files</Filter>
    </QtMoc>
    <QtMoc Include="MaterialLineEdit.h">
      <Filter>Header Files</Filter>
    </QtMoc>
    <QtMoc Include="Win11RadioButton.h">
      <Filter>Header Files</Filter>
    </QtMoc>
    <QtMoc Include="ErrorTipLabel.h">
      <Filter>Header Files</Filter>
    </QtMoc>
    <QtMoc Include="LoginPageWidget.h">
      <Filter>Header Files</Filter>
    </QtMoc>
    <QtMoc Include="SlideStackedWidget.h">
      <Filter>Header Files</Filter>
    </QtMoc>
    <QtMoc Include="ProfilePage.h">
      <Filter>Header Files</Filter>
    </QtMoc>
    <QtMoc Include="DialogViewController.h">
      <Filter>Header Files</Filter>
    </QtMoc>
    <QtMoc Include="BubbleViewController.h">
      <Filter>Header Files</Filter>
    </QtMoc>
    <QtMoc Include="LogoWidget.h">
      <Filter>Header Files</Filter>
    </QtMoc>
    <QtMoc Include="RegisterPageWidget.h">
      <Filter>Header Files</Filter>
    </QtMoc>
    <QtMoc Include="HomePage.h">
      <Filter>Header Files</Filter>
    </QtMoc>
    <QtMoc Include="SettingsPage.h">
      <Filter>Header Files</Filter>
    </QtMoc>
    <QtMoc Include="AboutPage.h">
      <Filter>Header Files</Filter>
    </QtMoc>
    <QtMoc Include="CustomToolButton.h">
      <Filter>Header Files</Filter>
    </QtMoc>
    <QtMoc Include="MaterialTabWidget.h">
      <Filter>Header Files</Filter>
    </QtMoc>
    <QtMoc Include="AntToggleButton.h">
      <Filter>Header Files</Filter>
    </QtMoc>
    <QtMoc Include="StandardDialogPage.h">
      <Filter>Header Files</Filter>
    </QtMoc>
    <QtMoc Include="MaterialProgressBar.h">
      <Filter>Header Files</Filter>
    </QtMoc>
    <QtMoc Include="MaterialSpinner.h">
      <Filter>Header Files</Filter>
    </QtMoc>
    <QtMoc Include="AntRadioButton.h">
      <Filter>Header Files</Filter>
    </QtMoc>
    <QtMoc Include="AntSlider.h">
      <Filter>Header Files</Filter>
    </QtMoc>
    <QtMoc Include="NoDataWidget.h">
      <Filter>Header Files</Filter>
    </QtMoc>
    <QtMoc Include="AnimatedNumber.h">
      <Filter>Header Files</Filter>
    </QtMoc>
  </ItemGroup>
</Project>